
Microsoft Visual Studio Solution File, Format Version 11.00
# Visual Studio 2010
Project("{FAE04EC0-301F-11D3-BF4B-00C04F79EFBC}") = "Blank.WebUI", "Blank.WebUI\Blank.WebUI.csproj", "{7262660D-AE20-4DC7-8606-12195C3581CF}"
EndProject
Project("{FAE04EC0-301F-11D3-BF4B-00C04F79EFBC}") = "Blank.Domain", "Blank.Domain\Blank.Domain.csproj", "{8555E359-19EE-40A8-9A46-99B60AB9AAA7}"
EndProject
Project("{FAE04EC0-301F-11D3-BF4B-00C04F79EFBC}") = "Blank.UnitTests", "Blank.UnitTests\Blank.UnitTests.csproj", "{61D6D7C1-C3E4-4BC5-9EFE-B8CA824319B9}"
EndProject
Project("{2150E333-8FDC-42A3-9474-1A3956D46DE8}") = "Solution Items", "Solution Items", "{414D39E5-5210-449E-8E91-677E0FD407A5}"
EndProject
Project("{FAE04EC0-301F-11D3-BF4B-00C04F79EFBC}") = "DatabaseClassLibrary", "TestLib\DatabaseClassLibrary.csproj", "{44B02044-D926-4FE5-B4B1-29C4F5B04285}"
EndProject
Global
	GlobalSection(TestCaseManagementSettings) = postSolution
		CategoryFile = Blank.vsmdi
	EndGlobalSection
	GlobalSection(SolutionConfigurationPlatforms) = preSolution
		Debug|Any CPU = Debug|Any CPU
		Release|Any CPU = Release|Any CPU
	EndGlobalSection
	GlobalSection(ProjectConfigurationPlatforms) = postSolution
		{7262660D-AE20-4DC7-8606-12195C3581CF}.Debug|Any CPU.ActiveCfg = Debug|Any CPU
		{7262660D-AE20-4DC7-8606-12195C3581CF}.Debug|Any CPU.Build.0 = Debug|Any CPU
		{7262660D-AE20-4DC7-8606-12195C3581CF}.Release|Any CPU.ActiveCfg = Release|Any CPU
		{7262660D-AE20-4DC7-8606-12195C3581CF}.Release|Any CPU.Build.0 = Release|Any CPU
		{8555E359-19EE-40A8-9A46-99B60AB9AAA7}.Debug|Any CPU.ActiveCfg = Debug|Any CPU
		{8555E359-19EE-40A8-9A46-99B60AB9AAA7}.Debug|Any CPU.Build.0 = Debug|Any CPU
		{8555E359-19EE-40A8-9A46-99B60AB9AAA7}.Release|Any CPU.ActiveCfg = Release|Any CPU
		{8555E359-19EE-40A8-9A46-99B60AB9AAA7}.Release|Any CPU.Build.0 = Release|Any CPU
		{61D6D7C1-C3E4-4BC5-9EFE-B8CA824319B9}.Debug|Any CPU.ActiveCfg = Debug|Any CPU
		{61D6D7C1-C3E4-4BC5-9EFE-B8CA824319B9}.Debug|Any CPU.Build.0 = Debug|Any CPU
		{61D6D7C1-C3E4-4BC5-9EFE-B8CA824319B9}.Release|Any CPU.ActiveCfg = Release|Any CPU
		{61D6D7C1-C3E4-4BC5-9EFE-B8CA824319B9}.Release|Any CPU.Build.0 = Release|Any CPU
		{44B02044-D926-4FE5-B4B1-29C4F5B04285}.Debug|Any CPU.ActiveCfg = Debug|Any CPU
		{44B02044-D926-4FE5-B4B1-29C4F5B04285}.Debug|Any CPU.Build.0 = Debug|Any CPU
		{44B02044-D926-4FE5-B4B1-29C4F5B04285}.Release|Any CPU.ActiveCfg = Release|Any CPU
		{44B02044-D926-4FE5-B4B1-29C4F5B04285}.Release|Any CPU.Build.0 = Release|Any CPU
	EndGlobalSection
	GlobalSection(SolutionProperties) = preSolution
		HideSolutionNode = FALSE
	EndGlobalSection
EndGlobal
